
Microsoft Visual Studio Solution File, Format Version 12.00
# Visual Studio 15
VisualStudioVersion = 15.0.27130.2024
MinimumVisualStudioVersion = 10.0.40219.1
Project("{2150E333-8FDC-42A3-9474-1A3956D46DE8}") = "Libraries", "Libraries", "{E4ACA93B-D3DE-4557-B069-F1DB42925A4B}"
EndProject
Project("{2150E333-8FDC-42A3-9474-1A3956D46DE8}") = "Presentation", "Presentation", "{B09156FB-8291-46A2-AF37-67CE97CFB5A6}"
EndProject
Project("{2150E333-8FDC-42A3-9474-1A3956D46DE8}") = "Plugins", "Plugins", "{7881B112-7843-4542-B1F7-F99553FB9BB7}"
EndProject
Project("{9A19103F-16F7-4668-BE54-9A1E7A4F7556}") = "Nop.Web", "Presentation\Nop.Web\Nop.Web.csproj", "{4F1F649C-1020-45BE-A487-F416D9297FF3}"
EndProject
Project("{9A19103F-16F7-4668-BE54-9A1E7A4F7556}") = "Nop.Core", "Libraries\Nop.Core\Nop.Core.csproj", "{6BDA8332-939F-45B7-A25E-7A797260AE59}"
EndProject
Project("{9A19103F-16F7-4668-BE54-9A1E7A4F7556}") = "Nop.Data", "Libraries\Nop.Data\Nop.Data.csproj", "{CCD7F2C9-6A2C-4CF0-8E89-076B8FC0F144}"
EndProject
Project("{9A19103F-16F7-4668-BE54-9A1E7A4F7556}") = "Nop.Services", "Libraries\Nop.Services\Nop.Services.csproj", "{210541AD-F659-47DA-8763-16F36C5CD2F4}"
EndProject
Project("{9A19103F-16F7-4668-BE54-9A1E7A4F7556}") = "Nop.Web.Framework", "Presentation\Nop.Web.Framework\Nop.Web.Framework.csproj", "{75FD4163-333C-4DD5-854D-2EF294E45D94}"
EndProject
Project("{9A19103F-16F7-4668-BE54-9A1E7A4F7556}") = "Nop.Plugin.Widgets.GoogleAnalytics", "Plugins\Nop.Plugin.Widgets.GoogleAnalytics\Nop.Plugin.Widgets.GoogleAnalytics.csproj", "{C2B83AF5-80F6-4B8C-8628-FA7DE10C3BB5}"
EndProject
Project("{9A19103F-16F7-4668-BE54-9A1E7A4F7556}") = "Nop.Plugin.ExternalAuth.Facebook", "Plugins\Nop.Plugin.ExternalAuth.Facebook\Nop.Plugin.ExternalAuth.Facebook.csproj", "{446FED73-BCA1-4D8F-BC13-EA1507C7EF29}"
EndProject
Project("{9A19103F-16F7-4668-BE54-9A1E7A4F7556}") = "Nop.Plugin.Widgets.NivoSlider", "Plugins\Nop.Plugin.Widgets.NivoSlider\Nop.Plugin.Widgets.NivoSlider.csproj", "{9978B382-0BCD-4621-B6B5-52E0E3B5F464}"
EndProject
Project("{9A19103F-16F7-4668-BE54-9A1E7A4F7556}") = "Nop.Plugin.Pickup.PickupInStore", "Plugins\Nop.Plugin.Pickup.PickupInStore\Nop.Plugin.Pickup.PickupInStore.csproj", "{06C88D0B-A276-4D3D-8BE5-7C58BF3072E3}"
EndProject
Project("{9A19103F-16F7-4668-BE54-9A1E7A4F7556}") = "Nop.Plugin.Shipping.FixedOrByWeight", "Plugins\Nop.Plugin.Shipping.FixedOrByWeight\Nop.Plugin.Shipping.FixedOrByWeight.csproj", "{560768D4-7E1D-4431-99F0-CC14C255E167}"
EndProject
Project("{9A19103F-16F7-4668-BE54-9A1E7A4F7556}") = "Nop.Plugin.Tax.FixedOrByCountryStateZip", "Plugins\Nop.Plugin.Tax.FixedOrByCountryStateZip\Nop.Plugin.Tax.FixedOrByCountryStateZip.csproj", "{493761CB-5190-4283-8C6C-A8CEB5450CAB}"
EndProject
Project("{9A19103F-16F7-4668-BE54-9A1E7A4F7556}") = "Nop.Plugin.DiscountRules.CustomerRoles", "Plugins\Nop.Plugin.DiscountRules.CustomerRoles\Nop.Plugin.DiscountRules.CustomerRoles.csproj", "{4C0C889A-A3B2-43FA-824A-F529402C1BBF}"
EndProject
Project("{FAE04EC0-301F-11D3-BF4B-00C04F79EFBC}") = "Nop.Custom", "Libraries\Nop.Custom\Nop.Custom.csproj", "{D746E70F-4D33-4A93-B777-C0353B86E586}"
EndProject
Project("{9A19103F-16F7-4668-BE54-9A1E7A4F7556}") = "Nop.Plugin.Payments.Mpay24", "Plugins\Nop.Plugin.Payments.Mpay24\Nop.Plugin.Payments.Mpay24.csproj", "{329EE24C-1FAE-403A-B9AE-1F30E9F6C410}"
EndProject
Project("{9A19103F-16F7-4668-BE54-9A1E7A4F7556}") = "Nop.Plugin.Payments.CashOnDelivery", "Plugins\Nop.Plugin.Payments.CashOnDelivery\Nop.Plugin.Payments.CashOnDelivery.csproj", "{E74A4BE6-0C82-4CD4-90A2-FFA2C16C6B5B}"
EndProject
Project("{9A19103F-16F7-4668-BE54-9A1E7A4F7556}") = "Nop.Plugin.Payments.PayPalStandard", "Plugins\Nop.Plugin.Payments.PayPalStandard\Nop.Plugin.Payments.PayPalStandard.csproj", "{C6587EEB-7E4D-4350-B4A5-C12FA54076E6}"
EndProject
Global
	GlobalSection(SolutionConfigurationPlatforms) = preSolution
		Debug|Any CPU = Debug|Any CPU
		Debug|Mixed Platforms = Debug|Mixed Platforms
		Debug|x86 = Debug|x86
		Release|Any CPU = Release|Any CPU
		Release|Mixed Platforms = Release|Mixed Platforms
		Release|x86 = Release|x86
	EndGlobalSection
	GlobalSection(ProjectConfigurationPlatforms) = postSolution
		{4F1F649C-1020-45BE-A487-F416D9297FF3}.Debug|Any CPU.ActiveCfg = Debug|Any CPU
		{4F1F649C-1020-45BE-A487-F416D9297FF3}.Debug|Any CPU.Build.0 = Debug|Any CPU
		{4F1F649C-1020-45BE-A487-F416D9297FF3}.Debug|Mixed Platforms.ActiveCfg = Debug|Any CPU
		{4F1F649C-1020-45BE-A487-F416D9297FF3}.Debug|Mixed Platforms.Build.0 = Debug|Any CPU
		{4F1F649C-1020-45BE-A487-F416D9297FF3}.Debug|x86.ActiveCfg = Debug|Any CPU
		{4F1F649C-1020-45BE-A487-F416D9297FF3}.Release|Any CPU.ActiveCfg = Release|Any CPU
		{4F1F649C-1020-45BE-A487-F416D9297FF3}.Release|Any CPU.Build.0 = Release|Any CPU
		{4F1F649C-1020-45BE-A487-F416D9297FF3}.Release|Mixed Platforms.ActiveCfg = Release|Any CPU
		{4F1F649C-1020-45BE-A487-F416D9297FF3}.Release|Mixed Platforms.Build.0 = Release|Any CPU
		{4F1F649C-1020-45BE-A487-F416D9297FF3}.Release|x86.ActiveCfg = Release|Any CPU
		{6BDA8332-939F-45B7-A25E-7A797260AE59}.Debug|Any CPU.ActiveCfg = Debug|Any CPU
		{6BDA8332-939F-45B7-A25E-7A797260AE59}.Debug|Any CPU.Build.0 = Debug|Any CPU
		{6BDA8332-939F-45B7-A25E-7A797260AE59}.Debug|Mixed Platforms.ActiveCfg = Debug|Any CPU
		{6BDA8332-939F-45B7-A25E-7A797260AE59}.Debug|Mixed Platforms.Build.0 = Debug|Any CPU
		{6BDA8332-939F-45B7-A25E-7A797260AE59}.Debug|x86.ActiveCfg = Debug|Any CPU
		{6BDA8332-939F-45B7-A25E-7A797260AE59}.Release|Any CPU.ActiveCfg = Release|Any CPU
		{6BDA8332-939F-45B7-A25E-7A797260AE59}.Release|Any CPU.Build.0 = Release|Any CPU
		{6BDA8332-939F-45B7-A25E-7A797260AE59}.Release|Mixed Platforms.ActiveCfg = Release|Any CPU
		{6BDA8332-939F-45B7-A25E-7A797260AE59}.Release|Mixed Platforms.Build.0 = Release|Any CPU
		{6BDA8332-939F-45B7-A25E-7A797260AE59}.Release|x86.ActiveCfg = Release|Any CPU
		{CCD7F2C9-6A2C-4CF0-8E89-076B8FC0F144}.Debug|Any CPU.ActiveCfg = Debug|Any CPU
		{CCD7F2C9-6A2C-4CF0-8E89-076B8FC0F144}.Debug|Any CPU.Build.0 = Debug|Any CPU
		{CCD7F2C9-6A2C-4CF0-8E89-076B8FC0F144}.Debug|Mixed Platforms.ActiveCfg = Debug|Any CPU
		{CCD7F2C9-6A2C-4CF0-8E89-076B8FC0F144}.Debug|Mixed Platforms.Build.0 = Debug|Any CPU
		{CCD7F2C9-6A2C-4CF0-8E89-076B8FC0F144}.Debug|x86.ActiveCfg = Debug|Any CPU
		{CCD7F2C9-6A2C-4CF0-8E89-076B8FC0F144}.Release|Any CPU.ActiveCfg = Release|Any CPU
		{CCD7F2C9-6A2C-4CF0-8E89-076B8FC0F144}.Release|Any CPU.Build.0 = Release|Any CPU
		{CCD7F2C9-6A2C-4CF0-8E89-076B8FC0F144}.Release|Mixed Platforms.ActiveCfg = Release|Any CPU
		{CCD7F2C9-6A2C-4CF0-8E89-076B8FC0F144}.Release|Mixed Platforms.Build.0 = Release|Any CPU
		{CCD7F2C9-6A2C-4CF0-8E89-076B8FC0F144}.Release|x86.ActiveCfg = Release|Any CPU
		{210541AD-F659-47DA-8763-16F36C5CD2F4}.Debug|Any CPU.ActiveCfg = Debug|Any CPU
		{210541AD-F659-47DA-8763-16F36C5CD2F4}.Debug|Any CPU.Build.0 = Debug|Any CPU
		{210541AD-F659-47DA-8763-16F36C5CD2F4}.Debug|Mixed Platforms.ActiveCfg = Debug|Any CPU
		{210541AD-F659-47DA-8763-16F36C5CD2F4}.Debug|Mixed Platforms.Build.0 = Debug|Any CPU
		{210541AD-F659-47DA-8763-16F36C5CD2F4}.Debug|x86.ActiveCfg = Debug|Any CPU
		{210541AD-F659-47DA-8763-16F36C5CD2F4}.Release|Any CPU.ActiveCfg = Release|Any CPU
		{210541AD-F659-47DA-8763-16F36C5CD2F4}.Release|Any CPU.Build.0 = Release|Any CPU
		{210541AD-F659-47DA-8763-16F36C5CD2F4}.Release|Mixed Platforms.ActiveCfg = Release|Any CPU
		{210541AD-F659-47DA-8763-16F36C5CD2F4}.Release|Mixed Platforms.Build.0 = Release|Any CPU
		{210541AD-F659-47DA-8763-16F36C5CD2F4}.Release|x86.ActiveCfg = Release|Any CPU
		{75FD4163-333C-4DD5-854D-2EF294E45D94}.Debug|Any CPU.ActiveCfg = Debug|Any CPU
		{75FD4163-333C-4DD5-854D-2EF294E45D94}.Debug|Any CPU.Build.0 = Debug|Any CPU
		{75FD4163-333C-4DD5-854D-2EF294E45D94}.Debug|Mixed Platforms.ActiveCfg = Debug|Any CPU
		{75FD4163-333C-4DD5-854D-2EF294E45D94}.Debug|Mixed Platforms.Build.0 = Debug|Any CPU
		{75FD4163-333C-4DD5-854D-2EF294E45D94}.Debug|x86.ActiveCfg = Debug|Any CPU
		{75FD4163-333C-4DD5-854D-2EF294E45D94}.Release|Any CPU.ActiveCfg = Release|Any CPU
		{75FD4163-333C-4DD5-854D-2EF294E45D94}.Release|Any CPU.Build.0 = Release|Any CPU
		{75FD4163-333C-4DD5-854D-2EF294E45D94}.Release|Mixed Platforms.ActiveCfg = Release|Any CPU
		{75FD4163-333C-4DD5-854D-2EF294E45D94}.Release|Mixed Platforms.Build.0 = Release|Any CPU
		{75FD4163-333C-4DD5-854D-2EF294E45D94}.Release|x86.ActiveCfg = Release|Any CPU
		{C2B83AF5-80F6-4B8C-8628-FA7DE10C3BB5}.Debug|Any CPU.ActiveCfg = Debug|Any CPU
		{C2B83AF5-80F6-4B8C-8628-FA7DE10C3BB5}.Debug|Any CPU.Build.0 = Debug|Any CPU
		{C2B83AF5-80F6-4B8C-8628-FA7DE10C3BB5}.Debug|Mixed Platforms.ActiveCfg = Debug|Any CPU
		{C2B83AF5-80F6-4B8C-8628-FA7DE10C3BB5}.Debug|Mixed Platforms.Build.0 = Debug|Any CPU
		{C2B83AF5-80F6-4B8C-8628-FA7DE10C3BB5}.Debug|x86.ActiveCfg = Debug|Any CPU
		{C2B83AF5-80F6-4B8C-8628-FA7DE10C3BB5}.Release|Any CPU.ActiveCfg = Release|Any CPU
		{C2B83AF5-80F6-4B8C-8628-FA7DE10C3BB5}.Release|Any CPU.Build.0 = Release|Any CPU
		{C2B83AF5-80F6-4B8C-8628-FA7DE10C3BB5}.Release|Mixed Platforms.ActiveCfg = Release|Any CPU
		{C2B83AF5-80F6-4B8C-8628-FA7DE10C3BB5}.Release|Mixed Platforms.Build.0 = Release|Any CPU
		{C2B83AF5-80F6-4B8C-8628-FA7DE10C3BB5}.Release|x86.ActiveCfg = Release|Any CPU
		{446FED73-BCA1-4D8F-BC13-EA1507C7EF29}.Debug|Any CPU.ActiveCfg = Debug|Any CPU
		{446FED73-BCA1-4D8F-BC13-EA1507C7EF29}.Debug|Any CPU.Build.0 = Debug|Any CPU
		{446FED73-BCA1-4D8F-BC13-EA1507C7EF29}.Debug|Mixed Platforms.ActiveCfg = Debug|Any CPU
		{446FED73-BCA1-4D8F-BC13-EA1507C7EF29}.Debug|Mixed Platforms.Build.0 = Debug|Any CPU
		{446FED73-BCA1-4D8F-BC13-EA1507C7EF29}.Debug|x86.ActiveCfg = Debug|Any CPU
		{446FED73-BCA1-4D8F-BC13-EA1507C7EF29}.Release|Any CPU.ActiveCfg = Release|Any CPU
		{446FED73-BCA1-4D8F-BC13-EA1507C7EF29}.Release|Any CPU.Build.0 = Release|Any CPU
		{446FED73-BCA1-4D8F-BC13-EA1507C7EF29}.Release|Mixed Platforms.ActiveCfg = Release|Any CPU
		{446FED73-BCA1-4D8F-BC13-EA1507C7EF29}.Release|Mixed Platforms.Build.0 = Release|Any CPU
		{446FED73-BCA1-4D8F-BC13-EA1507C7EF29}.Release|x86.ActiveCfg = Release|Any CPU
		{9978B382-0BCD-4621-B6B5-52E0E3B5F464}.Debug|Any CPU.ActiveCfg = Debug|Any CPU
		{9978B382-0BCD-4621-B6B5-52E0E3B5F464}.Debug|Any CPU.Build.0 = Debug|Any CPU
		{9978B382-0BCD-4621-B6B5-52E0E3B5F464}.Debug|Mixed Platforms.ActiveCfg = Debug|Any CPU
		{9978B382-0BCD-4621-B6B5-52E0E3B5F464}.Debug|Mixed Platforms.Build.0 = Debug|Any CPU
		{9978B382-0BCD-4621-B6B5-52E0E3B5F464}.Debug|x86.ActiveCfg = Debug|Any CPU
		{9978B382-0BCD-4621-B6B5-52E0E3B5F464}.Release|Any CPU.ActiveCfg = Release|Any CPU
		{9978B382-0BCD-4621-B6B5-52E0E3B5F464}.Release|Any CPU.Build.0 = Release|Any CPU
		{9978B382-0BCD-4621-B6B5-52E0E3B5F464}.Release|Mixed Platforms.ActiveCfg = Release|Any CPU
		{9978B382-0BCD-4621-B6B5-52E0E3B5F464}.Release|Mixed Platforms.Build.0 = Release|Any CPU
		{9978B382-0BCD-4621-B6B5-52E0E3B5F464}.Release|x86.ActiveCfg = Release|Any CPU
		{06C88D0B-A276-4D3D-8BE5-7C58BF3072E3}.Debug|Any CPU.ActiveCfg = Debug|Any CPU
		{06C88D0B-A276-4D3D-8BE5-7C58BF3072E3}.Debug|Any CPU.Build.0 = Debug|Any CPU
		{06C88D0B-A276-4D3D-8BE5-7C58BF3072E3}.Debug|Mixed Platforms.ActiveCfg = Debug|Any CPU
		{06C88D0B-A276-4D3D-8BE5-7C58BF3072E3}.Debug|Mixed Platforms.Build.0 = Debug|Any CPU
		{06C88D0B-A276-4D3D-8BE5-7C58BF3072E3}.Debug|x86.ActiveCfg = Debug|Any CPU
		{06C88D0B-A276-4D3D-8BE5-7C58BF3072E3}.Debug|x86.Build.0 = Debug|Any CPU
		{06C88D0B-A276-4D3D-8BE5-7C58BF3072E3}.Release|Any CPU.ActiveCfg = Release|Any CPU
		{06C88D0B-A276-4D3D-8BE5-7C58BF3072E3}.Release|Any CPU.Build.0 = Release|Any CPU
		{06C88D0B-A276-4D3D-8BE5-7C58BF3072E3}.Release|Mixed Platforms.ActiveCfg = Release|Any CPU
		{06C88D0B-A276-4D3D-8BE5-7C58BF3072E3}.Release|Mixed Platforms.Build.0 = Release|Any CPU
		{06C88D0B-A276-4D3D-8BE5-7C58BF3072E3}.Release|x86.ActiveCfg = Release|Any CPU
		{06C88D0B-A276-4D3D-8BE5-7C58BF3072E3}.Release|x86.Build.0 = Release|Any CPU
		{560768D4-7E1D-4431-99F0-CC14C255E167}.Debug|Any CPU.ActiveCfg = Debug|Any CPU
		{560768D4-7E1D-4431-99F0-CC14C255E167}.Debug|Any CPU.Build.0 = Debug|Any CPU
		{560768D4-7E1D-4431-99F0-CC14C255E167}.Debug|Mixed Platforms.ActiveCfg = Debug|Any CPU
		{560768D4-7E1D-4431-99F0-CC14C255E167}.Debug|Mixed Platforms.Build.0 = Debug|Any CPU
		{560768D4-7E1D-4431-99F0-CC14C255E167}.Debug|x86.ActiveCfg = Debug|Any CPU
		{560768D4-7E1D-4431-99F0-CC14C255E167}.Debug|x86.Build.0 = Debug|Any CPU
		{560768D4-7E1D-4431-99F0-CC14C255E167}.Release|Any CPU.ActiveCfg = Release|Any CPU
		{560768D4-7E1D-4431-99F0-CC14C255E167}.Release|Any CPU.Build.0 = Release|Any CPU
		{560768D4-7E1D-4431-99F0-CC14C255E167}.Release|Mixed Platforms.ActiveCfg = Release|Any CPU
		{560768D4-7E1D-4431-99F0-CC14C255E167}.Release|Mixed Platforms.Build.0 = Release|Any CPU
		{560768D4-7E1D-4431-99F0-CC14C255E167}.Release|x86.ActiveCfg = Release|Any CPU
		{560768D4-7E1D-4431-99F0-CC14C255E167}.Release|x86.Build.0 = Release|Any CPU
		{493761CB-5190-4283-8C6C-A8CEB5450CAB}.Debug|Any CPU.ActiveCfg = Debug|Any CPU
		{493761CB-5190-4283-8C6C-A8CEB5450CAB}.Debug|Any CPU.Build.0 = Debug|Any CPU
		{493761CB-5190-4283-8C6C-A8CEB5450CAB}.Debug|Mixed Platforms.ActiveCfg = Debug|Any CPU
		{493761CB-5190-4283-8C6C-A8CEB5450CAB}.Debug|Mixed Platforms.Build.0 = Debug|Any CPU
		{493761CB-5190-4283-8C6C-A8CEB5450CAB}.Debug|x86.ActiveCfg = Debug|Any CPU
		{493761CB-5190-4283-8C6C-A8CEB5450CAB}.Debug|x86.Build.0 = Debug|Any CPU
		{493761CB-5190-4283-8C6C-A8CEB5450CAB}.Release|Any CPU.ActiveCfg = Release|Any CPU
		{493761CB-5190-4283-8C6C-A8CEB5450CAB}.Release|Any CPU.Build.0 = Release|Any CPU
		{493761CB-5190-4283-8C6C-A8CEB5450CAB}.Release|Mixed Platforms.ActiveCfg = Release|Any CPU
		{493761CB-5190-4283-8C6C-A8CEB5450CAB}.Release|Mixed Platforms.Build.0 = Release|Any CPU
		{493761CB-5190-4283-8C6C-A8CEB5450CAB}.Release|x86.ActiveCfg = Release|Any CPU
		{493761CB-5190-4283-8C6C-A8CEB5450CAB}.Release|x86.Build.0 = Release|Any CPU
		{4C0C889A-A3B2-43FA-824A-F529402C1BBF}.Debug|Any CPU.ActiveCfg = Debug|Any CPU
		{4C0C889A-A3B2-43FA-824A-F529402C1BBF}.Debug|Any CPU.Build.0 = Debug|Any CPU
		{4C0C889A-A3B2-43FA-824A-F529402C1BBF}.Debug|Mixed Platforms.ActiveCfg = Debug|Any CPU
		{4C0C889A-A3B2-43FA-824A-F529402C1BBF}.Debug|Mixed Platforms.Build.0 = Debug|Any CPU
		{4C0C889A-A3B2-43FA-824A-F529402C1BBF}.Debug|x86.ActiveCfg = Debug|Any CPU
		{4C0C889A-A3B2-43FA-824A-F529402C1BBF}.Debug|x86.Build.0 = Debug|Any CPU
		{4C0C889A-A3B2-43FA-824A-F529402C1BBF}.Release|Any CPU.ActiveCfg = Release|Any CPU
		{4C0C889A-A3B2-43FA-824A-F529402C1BBF}.Release|Any CPU.Build.0 = Release|Any CPU
		{4C0C889A-A3B2-43FA-824A-F529402C1BBF}.Release|Mixed Platforms.ActiveCfg = Release|Any CPU
		{4C0C889A-A3B2-43FA-824A-F529402C1BBF}.Release|Mixed Platforms.Build.0 = Release|Any CPU
		{4C0C889A-A3B2-43FA-824A-F529402C1BBF}.Release|x86.ActiveCfg = Release|Any CPU
		{4C0C889A-A3B2-43FA-824A-F529402C1BBF}.Release|x86.Build.0 = Release|Any CPU
		{D746E70F-4D33-4A93-B777-C0353B86E586}.Debug|Any CPU.ActiveCfg = Debug|Any CPU
		{D746E70F-4D33-4A93-B777-C0353B86E586}.Debug|Any CPU.Build.0 = Debug|Any CPU
		{D746E70F-4D33-4A93-B777-C0353B86E586}.Debug|Mixed Platforms.ActiveCfg = Debug|Any CPU
		{D746E70F-4D33-4A93-B777-C0353B86E586}.Debug|Mixed Platforms.Build.0 = Debug|Any CPU
		{D746E70F-4D33-4A93-B777-C0353B86E586}.Debug|x86.ActiveCfg = Debug|Any CPU
		{D746E70F-4D33-4A93-B777-C0353B86E586}.Debug|x86.Build.0 = Debug|Any CPU
		{D746E70F-4D33-4A93-B777-C0353B86E586}.Release|Any CPU.ActiveCfg = Release|Any CPU
		{D746E70F-4D33-4A93-B777-C0353B86E586}.Release|Any CPU.Build.0 = Release|Any CPU
		{D746E70F-4D33-4A93-B777-C0353B86E586}.Release|Mixed Platforms.ActiveCfg = Release|Any CPU
		{D746E70F-4D33-4A93-B777-C0353B86E586}.Release|Mixed Platforms.Build.0 = Release|Any CPU
		{D746E70F-4D33-4A93-B777-C0353B86E586}.Release|x86.ActiveCfg = Release|Any CPU
		{D746E70F-4D33-4A93-B777-C0353B86E586}.Release|x86.Build.0 = Release|Any CPU
		{329EE24C-1FAE-403A-B9AE-1F30E9F6C410}.Debug|Any CPU.ActiveCfg = Debug|Any CPU
		{329EE24C-1FAE-403A-B9AE-1F30E9F6C410}.Debug|Any CPU.Build.0 = Debug|Any CPU
		{329EE24C-1FAE-403A-B9AE-1F30E9F6C410}.Debug|Mixed Platforms.ActiveCfg = Debug|Any CPU
		{329EE24C-1FAE-403A-B9AE-1F30E9F6C410}.Debug|Mixed Platforms.Build.0 = Debug|Any CPU
		{329EE24C-1FAE-403A-B9AE-1F30E9F6C410}.Debug|x86.ActiveCfg = Debug|Any CPU
		{329EE24C-1FAE-403A-B9AE-1F30E9F6C410}.Debug|x86.Build.0 = Debug|Any CPU
		{329EE24C-1FAE-403A-B9AE-1F30E9F6C410}.Release|Any CPU.ActiveCfg = Release|Any CPU
		{329EE24C-1FAE-403A-B9AE-1F30E9F6C410}.Release|Any CPU.Build.0 = Release|Any CPU
		{329EE24C-1FAE-403A-B9AE-1F30E9F6C410}.Release|Mixed Platforms.ActiveCfg = Release|Any CPU
		{329EE24C-1FAE-403A-B9AE-1F30E9F6C410}.Release|Mixed Platforms.Build.0 = Release|Any CPU
		{329EE24C-1FAE-403A-B9AE-1F30E9F6C410}.Release|x86.ActiveCfg = Release|Any CPU
		{329EE24C-1FAE-403A-B9AE-1F30E9F6C410}.Release|x86.Build.0 = Release|Any CPU
		{E74A4BE6-0C82-4CD4-90A2-FFA2C16C6B5B}.Debug|Any CPU.ActiveCfg = Debug|Any CPU
		{E74A4BE6-0C82-4CD4-90A2-FFA2C16C6B5B}.Debug|Any CPU.Build.0 = Debug|Any CPU
		{E74A4BE6-0C82-4CD4-90A2-FFA2C16C6B5B}.Debug|Mixed Platforms.ActiveCfg = Debug|Any CPU
		{E74A4BE6-0C82-4CD4-90A2-FFA2C16C6B5B}.Debug|Mixed Platforms.Build.0 = Debug|Any CPU
		{E74A4BE6-0C82-4CD4-90A2-FFA2C16C6B5B}.Debug|x86.ActiveCfg = Debug|Any CPU
		{E74A4BE6-0C82-4CD4-90A2-FFA2C16C6B5B}.Debug|x86.Build.0 = Debug|Any CPU
		{E74A4BE6-0C82-4CD4-90A2-FFA2C16C6B5B}.Release|Any CPU.ActiveCfg = Release|Any CPU
		{E74A4BE6-0C82-4CD4-90A2-FFA2C16C6B5B}.Release|Any CPU.Build.0 = Release|Any CPU
		{E74A4BE6-0C82-4CD4-90A2-FFA2C16C6B5B}.Release|Mixed Platforms.ActiveCfg = Release|Any CPU
		{E74A4BE6-0C82-4CD4-90A2-FFA2C16C6B5B}.Release|Mixed Platforms.Build.0 = Release|Any CPU
		{E74A4BE6-0C82-4CD4-90A2-FFA2C16C6B5B}.Release|x86.ActiveCfg = Release|Any CPU
		{E74A4BE6-0C82-4CD4-90A2-FFA2C16C6B5B}.Release|x86.Build.0 = Release|Any CPU
		{C6587EEB-7E4D-4350-B4A5-C12FA54076E6}.Debug|Any CPU.ActiveCfg = Debug|Any CPU
		{C6587EEB-7E4D-4350-B4A5-C12FA54076E6}.Debug|Any CPU.Build.0 = Debug|Any CPU
		{C6587EEB-7E4D-4350-B4A5-C12FA54076E6}.Debug|Mixed Platforms.ActiveCfg = Debug|Any CPU
		{C6587EEB-7E4D-4350-B4A5-C12FA54076E6}.Debug|Mixed Platforms.Build.0 = Debug|Any CPU
		{C6587EEB-7E4D-4350-B4A5-C12FA54076E6}.Debug|x86.ActiveCfg = Debug|Any CPU
		{C6587EEB-7E4D-4350-B4A5-C12FA54076E6}.Debug|x86.Build.0 = Debug|Any CPU
		{C6587EEB-7E4D-4350-B4A5-C12FA54076E6}.Release|Any CPU.ActiveCfg = Release|Any CPU
		{C6587EEB-7E4D-4350-B4A5-C12FA54076E6}.Release|Any CPU.Build.0 = Release|Any CPU
		{C6587EEB-7E4D-4350-B4A5-C12FA54076E6}.Release|Mixed Platforms.ActiveCfg = Release|Any CPU
		{C6587EEB-7E4D-4350-B4A5-C12FA54076E6}.Release|Mixed Platforms.Build.0 = Release|Any CPU
		{C6587EEB-7E4D-4350-B4A5-C12FA54076E6}.Release|x86.ActiveCfg = Release|Any CPU
		{C6587EEB-7E4D-4350-B4A5-C12FA54076E6}.Release|x86.Build.0 = Release|Any CPU
	EndGlobalSection
	GlobalSection(SolutionProperties) = preSolution
		HideSolutionNode = FALSE
	EndGlobalSection
	GlobalSection(NestedProjects) = preSolution
		{4F1F649C-1020-45BE-A487-F416D9297FF3} = {B09156FB-8291-46A2-AF37-67CE97CFB5A6}
		{6BDA8332-939F-45B7-A25E-7A797260AE59} = {E4ACA93B-D3DE-4557-B069-F1DB42925A4B}
		{CCD7F2C9-6A2C-4CF0-8E89-076B8FC0F144} = {E4ACA93B-D3DE-4557-B069-F1DB42925A4B}
		{210541AD-F659-47DA-8763-16F36C5CD2F4} = {E4ACA93B-D3DE-4557-B069-F1DB42925A4B}
		{75FD4163-333C-4DD5-854D-2EF294E45D94} = {B09156FB-8291-46A2-AF37-67CE97CFB5A6}
		{C2B83AF5-80F6-4B8C-8628-FA7DE10C3BB5} = {7881B112-7843-4542-B1F7-F99553FB9BB7}
		{446FED73-BCA1-4D8F-BC13-EA1507C7EF29} = {7881B112-7843-4542-B1F7-F99553FB9BB7}
		{9978B382-0BCD-4621-B6B5-52E0E3B5F464} = {7881B112-7843-4542-B1F7-F99553FB9BB7}
		{06C88D0B-A276-4D3D-8BE5-7C58BF3072E3} = {7881B112-7843-4542-B1F7-F99553FB9BB7}
		{560768D4-7E1D-4431-99F0-CC14C255E167} = {7881B112-7843-4542-B1F7-F99553FB9BB7}
		{493761CB-5190-4283-8C6C-A8CEB5450CAB} = {7881B112-7843-4542-B1F7-F99553FB9BB7}
		{4C0C889A-A3B2-43FA-824A-F529402C1BBF} = {7881B112-7843-4542-B1F7-F99553FB9BB7}
		{D746E70F-4D33-4A93-B777-C0353B86E586} = {E4ACA93B-D3DE-4557-B069-F1DB42925A4B}
		{329EE24C-1FAE-403A-B9AE-1F30E9F6C410} = {7881B112-7843-4542-B1F7-F99553FB9BB7}
		{E74A4BE6-0C82-4CD4-90A2-FFA2C16C6B5B} = {7881B112-7843-4542-B1F7-F99553FB9BB7}
		{C6587EEB-7E4D-4350-B4A5-C12FA54076E6} = {7881B112-7843-4542-B1F7-F99553FB9BB7}
	EndGlobalSection
	GlobalSection(ExtensibilityGlobals) = postSolution
		SolutionGuid = {EE72A8B2-332A-4175-9319-6726D36E9D25}
	EndGlobalSection
	GlobalSection(TeamFoundationVersionControl) = preSolution
		SccNumberOfProjects = 17
		SccEnterpriseProvider = {4CA58AB2-18FA-4F8D-95D4-32DDF27D184C}
		SccTeamFoundationServer = https://1000psshopservices.visualstudio.com/
		SccLocalPath0 = .
		SccProjectUniqueName1 = Libraries\\Nop.Core\\Nop.Core.csproj
		SccProjectTopLevelParentUniqueName1 = NopCommerce.sln
		SccProjectName1 = Libraries/Nop.Core
		SccLocalPath1 = Libraries\\Nop.Core
		SccProjectUniqueName2 = Libraries\\Nop.Data\\Nop.Data.csproj
		SccProjectTopLevelParentUniqueName2 = NopCommerce.sln
		SccProjectName2 = Libraries/Nop.Data
		SccLocalPath2 = Libraries\\Nop.Data
		SccProjectUniqueName3 = Libraries\\Nop.Services\\Nop.Services.csproj
		SccProjectTopLevelParentUniqueName3 = NopCommerce.sln
		SccProjectName3 = Libraries/Nop.Services
		SccLocalPath3 = Libraries\\Nop.Services
		SccProjectUniqueName4 = Presentation\\Nop.Web.Framework\\Nop.Web.Framework.csproj
		SccProjectTopLevelParentUniqueName4 = NopCommerce.sln
		SccProjectName4 = Presentation/Nop.Web.Framework
		SccLocalPath4 = Presentation\\Nop.Web.Framework
		SccProjectUniqueName5 = Plugins\\Nop.Plugin.Widgets.GoogleAnalytics\\Nop.Plugin.Widgets.GoogleAnalytics.csproj
		SccProjectTopLevelParentUniqueName5 = NopCommerce.sln
		SccProjectName5 = Plugins/Nop.Plugin.Widgets.GoogleAnalytics
		SccLocalPath5 = Plugins\\Nop.Plugin.Widgets.GoogleAnalytics
		SccProjectUniqueName6 = Plugins\\Nop.Plugin.ExternalAuth.Facebook\\Nop.Plugin.ExternalAuth.Facebook.csproj
		SccProjectTopLevelParentUniqueName6 = NopCommerce.sln
		SccProjectName6 = Plugins/Nop.Plugin.ExternalAuth.Facebook
		SccLocalPath6 = Plugins\\Nop.Plugin.ExternalAuth.Facebook
		SccProjectUniqueName7 = Plugins\\Nop.Plugin.Widgets.NivoSlider\\Nop.Plugin.Widgets.NivoSlider.csproj
		SccProjectTopLevelParentUniqueName7 = NopCommerce.sln
		SccProjectName7 = Plugins/Nop.Plugin.Widgets.NivoSlider
		SccLocalPath7 = Plugins\\Nop.Plugin.Widgets.NivoSlider
		SccProjectUniqueName8 = Plugins\\Nop.Plugin.Pickup.PickupInStore\\Nop.Plugin.Pickup.PickupInStore.csproj
		SccProjectTopLevelParentUniqueName8 = NopCommerce.sln
		SccProjectName8 = Plugins/Nop.Plugin.Pickup.PickupInStore
		SccLocalPath8 = Plugins\\Nop.Plugin.Pickup.PickupInStore
		SccProjectUniqueName9 = Plugins\\Nop.Plugin.Shipping.FixedOrByWeight\\Nop.Plugin.Shipping.FixedOrByWeight.csproj
		SccProjectTopLevelParentUniqueName9 = NopCommerce.sln
		SccProjectName9 = Plugins/Nop.Plugin.Shipping.FixedOrByWeight
		SccLocalPath9 = Plugins\\Nop.Plugin.Shipping.FixedOrByWeight
		SccProjectUniqueName10 = Plugins\\Nop.Plugin.Tax.FixedOrByCountryStateZip\\Nop.Plugin.Tax.FixedOrByCountryStateZip.csproj
		SccProjectTopLevelParentUniqueName10 = NopCommerce.sln
		SccProjectName10 = Plugins/Nop.Plugin.Tax.FixedOrByCountryStateZip
		SccLocalPath10 = Plugins\\Nop.Plugin.Tax.FixedOrByCountryStateZip
		SccProjectUniqueName11 = Plugins\\Nop.Plugin.DiscountRules.CustomerRoles\\Nop.Plugin.DiscountRules.CustomerRoles.csproj
		SccProjectTopLevelParentUniqueName11 = NopCommerce.sln
		SccProjectName11 = Plugins/Nop.Plugin.DiscountRules.CustomerRoles
		SccLocalPath11 = Plugins\\Nop.Plugin.DiscountRules.CustomerRoles
		SccProjectUniqueName12 = Presentation\\Nop.Web\\Nop.Web.csproj
		SccProjectTopLevelParentUniqueName12 = NopCommerce.sln
		SccProjectName12 = Presentation/Nop.Web
		SccLocalPath12 = Presentation\\Nop.Web
		SccProjectUniqueName13 = Libraries\\Nop.Custom\\Nop.Custom.csproj
		SccProjectTopLevelParentUniqueName13 = NopCommerce.sln
		SccProjectName13 = Libraries/Nop.Custom
		SccLocalPath13 = Libraries\\Nop.Custom
		SccProjectUniqueName14 = Plugins\\Nop.Plugin.Payments.Mpay24\\Nop.Plugin.Payments.Mpay24.csproj
		SccProjectTopLevelParentUniqueName14 = NopCommerce.sln
		SccProjectName14 = Plugins/Nop.Plugin.Payments.Mpay24
		SccLocalPath14 = Plugins\\Nop.Plugin.Payments.Mpay24
		SccProjectUniqueName15 = Plugins\\Nop.Plugin.Payments.CashOnDelivery\\Nop.Plugin.Payments.CashOnDelivery.csproj
		SccProjectTopLevelParentUniqueName15 = NopCommerce.sln
		SccProjectName15 = Plugins/Nop.Plugin.Payments.CashOnDelivery
		SccLocalPath15 = Plugins\\Nop.Plugin.Payments.CashOnDelivery
		SccProjectUniqueName16 = Plugins\\Nop.Plugin.Payments.PayPalStandard\\Nop.Plugin.Payments.PayPalStandard.csproj
		SccProjectTopLevelParentUniqueName16 = NopCommerce.sln
		SccProjectName16 = Plugins/Nop.Plugin.Payments.PayPalStandard
		SccLocalPath16 = Plugins\\Nop.Plugin.Payments.PayPalStandard
	EndGlobalSection
	GlobalSection(NDepend) = preSolution
		Project = ".\NopCommerce.ndproj"
	EndGlobalSection
EndGlobal
